rules:
  - id: ruby_ivar_call_in_block
    message: taint through an instance variable read by a method called from a block
    languages:
      - ruby
    severity: WARNING
    mode: taint
    options:
      taint_intrafile: true
    pattern-sources:
      - pattern: source(...)
    pattern-sinks:
      - pattern: sink(...)
